
Microsoft Visual Studio Solution File, Format Version 12.00
Project("{FAE04EC0-301F-11D3-BF4B-00C04F79EFBC}") = "Mysql EF Core6", "Mysql EF Core6\Mysql EF Core6.csproj", "{406C8F11-323A-4F26-BA99-83530E43C01A}"
EndProject
Global
	GlobalSection(SolutionConfigurationPlatforms) = preSolution
		Debug|Any CPU = Debug|Any CPU
		Release|Any CPU = Release|Any CPU
	EndGlobalSection
	GlobalSection(ProjectConfigurationPlatforms) = postSolution
		{406C8F11-323A-4F26-BA99-83530E43C01A}.Debug|Any CPU.ActiveCfg = Debug|Any CPU
		{406C8F11-323A-4F26-BA99-83530E43C01A}.Debug|Any CPU.Build.0 = Debug|Any CPU
		{406C8F11-323A-4F26-BA99-83530E43C01A}.Release|Any CPU.ActiveCfg = Release|Any CPU
		{406C8F11-323A-4F26-BA99-83530E43C01A}.Release|Any CPU.Build.0 = Release|Any CPU
	EndGlobalSection
EndGlobal
